// !$*UTF8*$!
{
	archiveVersion = 1;
	classes = {
	};
	objectVersion = 50;
	objects = {

/* Begin PBXBuildFile section */
		4FAEEB542ABA009F00FCFB13 /* HttpStatus.c in Sources */ = {isa = PBXBuildFile; fileRef = 4F9DD4192AB9E79C00228689 /* HttpStatus.c */; };
		4FAEEB552ABA009F00FCFB13 /* ArgumentParser.c in Sources */ = {isa = PBXBuildFile; fileRef = 4F9DD41D2AB9E79C00228689 /* ArgumentParser.c */; };
		4FAEEB562ABA009F00FCFB13 /* Server.c in Sources */ = {isa = PBXBuildFile; fileRef = 4F9DD41E2AB9E79C00228689 /* Server.c */; };
		4FAEEB572ABA009F00FCFB13 /* Mime.c in Sources */ = {isa = PBXBuildFile; fileRef = 4F9DD41F2AB9E79C00228689 /* Mime.c */; };
		4FAEEB582ABA009F00FCFB13 /* main.c in Sources */ = {isa = PBXBuildFile; fileRef = 4F9DD4202AB9E79C00228689 /* main.c */; };
		4FAEEB592ABA009F00FCFB13 /* Config.c in Sources */ = {isa = PBXBuildFile; fileRef = 4F9DD4212AB9E79C00228689 /* Config.c */; };
		4FAEEB5A2ABA009F00FCFB13 /* Http.c in Sources */ = {isa = PBXBuildFile; fileRef = 4F9DD4232AB9E79C00228689 /* Http.c */; };
		4FAEEB5B2ABA009F00FCFB13 /* File.c in Sources */ = {isa = PBXBuildFile; fileRef = 4F9DD4242AB9E79C00228689 /* File.c */; };
/* End PBXBuildFile section */

/* Begin PBXCopyFilesBuildPhase section */
		4F5D965F2AA4DBD0004B386E /* CopyFiles */ = {
			isa = PBXCopyFilesBuildPhase;
			buildActionMask = 2147483647;
			dstPath = /usr/share/man/man1/;
			dstSubfolderSpec = 0;
			files = (
			);
			runOnlyForDeploymentPostprocessing = 1;
		};
/* End PBXCopyFilesBuildPhase section */

/* Begin PBXFileReference section */
		4F5D96612AA4DBD0004B386E /* TSD3060 */ = {isa = PBXFileReference; explicitFileType = "compiled.mach-o.executable"; includeInIndex = 0; path = TSD3060; sourceTree = BUILT_PRODUCTS_DIR; };
		4F9DD40B2AB9E4BC00228689 /* README */ = {isa = PBXFileReference; fileEncoding = 4; lastKnownFileType = text; path = README; sourceTree = "<group>"; };
		4F9DD40D2AB9E4BC00228689 /* Makefile */ = {isa = PBXFileReference; fileEncoding = 4; lastKnownFileType = sourcecode.make; path = Makefile; sourceTree = "<group>"; };
		4F9DD4182AB9E79C00228689 /* Mime.h */ = {isa = PBXFileReference; fileEncoding = 4; lastKnownFileType = sourcecode.c.h; path = Mime.h; sourceTree = "<group>"; };
		4F9DD4192AB9E79C00228689 /* HttpStatus.c */ = {isa = PBXFileReference; fileEncoding = 4; lastKnownFileType = sourcecode.c.c; path = HttpStatus.c; sourceTree = "<group>"; };
		4F9DD41A2AB9E79C00228689 /* Http.h */ = {isa = PBXFileReference; fileEncoding = 4; lastKnownFileType = sourcecode.c.h; path = Http.h; sourceTree = "<group>"; };
		4F9DD41B2AB9E79C00228689 /* Config.h */ = {isa = PBXFileReference; fileEncoding = 4; lastKnownFileType = sourcecode.c.h; path = Config.h; sourceTree = "<group>"; };
		4F9DD41C2AB9E79C00228689 /* File.h */ = {isa = PBXFileReference; fileEncoding = 4; lastKnownFileType = sourcecode.c.h; path = File.h; sourceTree = "<group>"; };
		4F9DD41D2AB9E79C00228689 /* ArgumentParser.c */ = {isa = PBXFileReference; fileEncoding = 4; lastKnownFileType = sourcecode.c.c; path = ArgumentParser.c; sourceTree = "<group>"; };
		4F9DD41E2AB9E79C00228689 /* Server.c */ = {isa = PBXFileReference; fileEncoding = 4; lastKnownFileType = sourcecode.c.c; path = Server.c; sourceTree = "<group>"; };
		4F9DD41F2AB9E79C00228689 /* Mime.c */ = {isa = PBXFileReference; fileEncoding = 4; lastKnownFileType = sourcecode.c.c; path = Mime.c; sourceTree = "<group>"; };
		4F9DD4202AB9E79C00228689 /* main.c */ = {isa = PBXFileReference; fileEncoding = 4; lastKnownFileType = sourcecode.c.c; path = main.c; sourceTree = "<group>"; };
		4F9DD4212AB9E79C00228689 /* Config.c */ = {isa = PBXFileReference; fileEncoding = 4; lastKnownFileType = sourcecode.c.c; path = Config.c; sourceTree = "<group>"; };
		4F9DD4222AB9E79C00228689 /* HttpStatus.h */ = {isa = PBXFileReference; fileEncoding = 4; lastKnownFileType = sourcecode.c.h; path = HttpStatus.h; sourceTree = "<group>"; };
		4F9DD4232AB9E79C00228689 /* Http.c */ = {isa = PBXFileReference; fileEncoding = 4; lastKnownFileType = sourcecode.c.c; path = Http.c; sourceTree = "<group>"; };
		4F9DD4242AB9E79C00228689 /* File.c */ = {isa = PBXFileReference; fileEncoding = 4; lastKnownFileType = sourcecode.c.c; path = File.c; sourceTree = "<group>"; };
		4F9DD4252AB9E79C00228689 /* Server.h */ = {isa = PBXFileReference; fileEncoding = 4; lastKnownFileType = sourcecode.c.h; path = Server.h; sourceTree = "<group>"; };
		4F9DD4262AB9E79C00228689 /* ArgumentParser.h */ = {isa = PBXFileReference; fileEncoding = 4; lastKnownFileType = sourcecode.c.h; path = ArgumentParser.h; sourceTree = "<group>"; };
		4F9DD4302AB9E7AF00228689 /* Distribution */ = {isa = PBXFileReference; lastKnownFileType = folder; path = Distribution; sourceTree = "<group>"; };
/* End PBXFileReference section */

/* Begin PBXFrameworksBuildPhase section */
		4F5D965E2AA4DBD0004B386E /* Frameworks */ = {
			isa = PBXFrameworksBuildPhase;
			buildActionMask = 2147483647;
			files = (
			);
			runOnlyForDeploymentPostprocessing = 0;
		};
/* End PBXFrameworksBuildPhase section */

/* Begin PBXGroup section */
		4F5D96582AA4DBD0004B386E = {
			isa = PBXGroup;
			children = (
				4F9DD40D2AB9E4BC00228689 /* Makefile */,
				4F9DD40B2AB9E4BC00228689 /* README */,
				4F9DD4172AB9E79C00228689 /* Source */,
				4F9DD4302AB9E7AF00228689 /* Distribution */,
				4F5D96622AA4DBD0004B386E /* Products */,
			);
			sourceTree = "<group>";
		};
		4F5D96622AA4DBD0004B386E /* Products */ = {
			isa = PBXGroup;
			children = (
				4F5D96612AA4DBD0004B386E /* TSD3060 */,
			);
			name = Products;
			sourceTree = "<group>";
		};
		4F9DD4172AB9E79C00228689 /* Source */ = {
			isa = PBXGroup;
			children = (
				4F9DD4182AB9E79C00228689 /* Mime.h */,
				4F9DD41F2AB9E79C00228689 /* Mime.c */,
				4F9DD4222AB9E79C00228689 /* HttpStatus.h */,
				4F9DD4192AB9E79C00228689 /* HttpStatus.c */,
				4F9DD41A2AB9E79C00228689 /* Http.h */,
				4F9DD4232AB9E79C00228689 /* Http.c */,
				4F9DD41B2AB9E79C00228689 /* Config.h */,
				4F9DD4212AB9E79C00228689 /* Config.c */,
				4F9DD4262AB9E79C00228689 /* ArgumentParser.h */,
				4F9DD41D2AB9E79C00228689 /* ArgumentParser.c */,
				4F9DD4252AB9E79C00228689 /* Server.h */,
				4F9DD41E2AB9E79C00228689 /* Server.c */,
				4F9DD4202AB9E79C00228689 /* main.c */,
				4F9DD41C2AB9E79C00228689 /* File.h */,
				4F9DD4242AB9E79C00228689 /* File.c */,
			);
			path = Source;
			sourceTree = "<group>";
		};
/* End PBXGroup section */

/* Begin PBXNativeTarget section */
		4F5D96602AA4DBD0004B386E /* TSD3060 */ = {
			isa = PBXNativeTarget;
			buildConfigurationList = 4F5D96682AA4DBD0004B386E /* Build configuration list for PBXNativeTarget "TSD3060" */;
			buildPhases = (
				4F5D965D2AA4DBD0004B386E /* Sources */,
				4F5D965E2AA4DBD0004B386E /* Frameworks */,
				4F5D965F2AA4DBD0004B386E /* CopyFiles */,
			);
			buildRules = (
			);
			dependencies = (
			);
			name = TSD3060;
			productName = TSD3060;
			productReference = 4F5D96612AA4DBD0004B386E /* TSD3060 */;
			productType = "com.apple.product-type.tool";
		};
/* End PBXNativeTarget section */

/* Begin PBXProject section */
		4F5D96592AA4DBD0004B386E /* Project object */ = {
			isa = PBXProject;
			attributes = {
				LastUpgradeCheck = 1240;
				TargetAttributes = {
					4F5D96602AA4DBD0004B386E = {
						CreatedOnToolsVersion = 12.4;
					};
				};
			};
			buildConfigurationList = 4F5D965C2AA4DBD0004B386E /* Build configuration list for PBXProject "TSD3060" */;
			compatibilityVersion = "Xcode 9.3";
			developmentRegion = en;
			hasScannedForEncodings = 0;
			knownRegions = (
				en,
				Base,
			);
			mainGroup = 4F5D96582AA4DBD0004B386E;
			productRefGroup = 4F5D96622AA4DBD0004B386E /* Products */;
			projectDirPath = "";
			projectRoot = "";
			targets = (
				4F5D96602AA4DBD0004B386E /* TSD3060 */,
			);
		};
/* End PBXProject section */

/* Begin PBXSourcesBuildPhase section */
		4F5D965D2AA4DBD0004B386E /* Sources */ = {
			isa = PBXSourcesBuildPhase;
			buildActionMask = 2147483647;
			files = (
				4FAEEB542ABA009F00FCFB13 /* HttpStatus.c in Sources */,
				4FAEEB552ABA009F00FCFB13 /* ArgumentParser.c in Sources */,
				4FAEEB562ABA009F00FCFB13 /* Server.c in Sources */,
				4FAEEB572ABA009F00FCFB13 /* Mime.c in Sources */,
				4FAEEB582ABA009F00FCFB13 /* main.c in Sources */,
				4FAEEB592ABA009F00FCFB13 /* Config.c in Sources */,
				4FAEEB5A2ABA009F00FCFB13 /* Http.c in Sources */,
				4FAEEB5B2ABA009F00FCFB13 /* File.c in Sources */,
			);
			runOnlyForDeploymentPostprocessing = 0;
		};
/* End PBXSourcesBuildPhase section */

/* Begin XCBuildConfiguration section */
		4F5D96662AA4DBD0004B386E /* Debug */ = {
			isa = XCBuildConfiguration;
			buildSettings = {
				ALWAYS_SEARCH_USER_PATHS = NO;
				CLANG_ANALYZER_NONNULL = YES;
				CLANG_ANALYZER_NUMBER_OBJECT_CONVERSION = YES_AGGRESSIVE;
				CLANG_CXX_LANGUAGE_STANDARD = "gnu++14";
				CLANG_CXX_LIBRARY = "libc++";
				CLANG_ENABLE_MODULES = YES;
				CLANG_ENABLE_OBJC_ARC = YES;
				CLANG_ENABLE_OBJC_WEAK = YES;
				CLANG_WARN_BLOCK_CAPTURE_AUTORELEASING = YES;
				CLANG_WARN_BOOL_CONVERSION = YES;
				CLANG_WARN_COMMA = YES;
				CLANG_WARN_CONSTANT_CONVERSION = YES;
				CLANG_WARN_DEPRECATED_OBJC_IMPLEMENTATIONS = YES;
				CLANG_WARN_DIRECT_OBJC_ISA_USAGE = YES_ERROR;
				CLANG_WARN_DOCUMENTATION_COMMENTS = YES;
				CLANG_WARN_EMPTY_BODY = YES;
				CLANG_WARN_ENUM_CONVERSION = YES;
				CLANG_WARN_INFINITE_RECURSION = YES;
				CLANG_WARN_INT_CONVERSION = YES;
				CLANG_WARN_NON_LITERAL_NULL_CONVERSION = YES;
				CLANG_WARN_OBJC_IMPLICIT_RETAIN_SELF = YES;
				CLANG_WARN_OBJC_LITERAL_CONVERSION = YES;
				CLANG_WARN_OBJC_ROOT_CLASS = YES_ERROR;
				CLANG_WARN_QUOTED_INCLUDE_IN_FRAMEWORK_HEADER = YES;
				CLANG_WARN_RANGE_LOOP_ANALYSIS = YES;
				CLANG_WARN_STRICT_PROTOTYPES = YES;
				CLANG_WARN_SUSPICIOUS_MOVE = YES;
				CLANG_WARN_UNGUARDED_AVAILABILITY = YES_AGGRESSIVE;
				CLANG_WARN_UNREACHABLE_CODE = YES;
				CLANG_WARN__DUPLICATE_METHOD_MATCH = YES;
				COPY_PHASE_STRIP = NO;
				DEBUG_INFORMATION_FORMAT = dwarf;
				ENABLE_STRICT_OBJC_MSGSEND = YES;
				ENABLE_TESTABILITY = YES;
				GCC_C_LANGUAGE_STANDARD = gnu11;
				GCC_DYNAMIC_NO_PIC = NO;
				GCC_NO_COMMON_BLOCKS = YES;
				GCC_OPTIMIZATION_LEVEL = 0;
				GCC_PREPROCESSOR_DEFINITIONS = (
					"DEBUG=1",
					"$(inherited)",
				);
				GCC_WARN_64_TO_32_BIT_CONVERSION = YES;
				GCC_WARN_ABOUT_RETURN_TYPE = YES_ERROR;
				GCC_WARN_UNDECLARED_SELECTOR = YES;
				GCC_WARN_UNINITIALIZED_AUTOS = YES_AGGRESSIVE;
				GCC_WARN_UNUSED_FUNCTION = YES;
				GCC_WARN_UNUSED_VARIABLE = YES;
				MACOSX_DEPLOYMENT_TARGET = 10.15;
				MTL_ENABLE_DEBUG_INFO = INCLUDE_SOURCE;
				MTL_FAST_MATH = YES;
				ONLY_ACTIVE_ARCH = YES;
				SDKROOT = macosx;
			};
			name = Debug;
		};
		4F5D96672AA4DBD0004B386E /* Release */ = {
			isa = XCBuildConfiguration;
			buildSettings = {
				ALWAYS_SEARCH_USER_PATHS = NO;
				CLANG_ANALYZER_NONNULL = YES;
				CLANG_ANALYZER_NUMBER_OBJECT_CONVERSION = YES_AGGRESSIVE;
				CLANG_CXX_LANGUAGE_STANDARD = "gnu++14";
				CLANG_CXX_LIBRARY = "libc++";
				CLANG_ENABLE_MODULES = YES;
				CLANG_ENABLE_OBJC_ARC = YES;
				CLANG_ENABLE_OBJC_WEAK = YES;
				CLANG_WARN_BLOCK_CAPTURE_AUTORELEASING = YES;
				CLANG_WARN_BOOL_CONVERSION = YES;
				CLANG_WARN_COMMA = YES;
				CLANG_WARN_CONSTANT_CONVERSION = YES;
				CLANG_WARN_DEPRECATED_OBJC_IMPLEMENTATIONS = YES;
				CLANG_WARN_DIRECT_OBJC_ISA_USAGE = YES_ERROR;
				CLANG_WARN_DOCUMENTATION_COMMENTS = YES;
				CLANG_WARN_EMPTY_BODY = YES;
				CLANG_WARN_ENUM_CONVERSION = YES;
				CLANG_WARN_INFINITE_RECURSION = YES;
				CLANG_WARN_INT_CONVERSION = YES;
				CLANG_WARN_NON_LITERAL_NULL_CONVERSION = YES;
				CLANG_WARN_OBJC_IMPLICIT_RETAIN_SELF = YES;
				CLANG_WARN_OBJC_LITERAL_CONVERSION = YES;
				CLANG_WARN_OBJC_ROOT_CLASS = YES_ERROR;
				CLANG_WARN_QUOTED_INCLUDE_IN_FRAMEWORK_HEADER = YES;
				CLANG_WARN_RANGE_LOOP_ANALYSIS = YES;
				CLANG_WARN_STRICT_PROTOTYPES = YES;
				CLANG_WARN_SUSPICIOUS_MOVE = YES;
				CLANG_WARN_UNGUARDED_AVAILABILITY = YES_AGGRESSIVE;
				CLANG_WARN_UNREACHABLE_CODE = YES;
				CLANG_WARN__DUPLICATE_METHOD_MATCH = YES;
				COPY_PHASE_STRIP = NO;
				DEBUG_INFORMATION_FORMAT = "dwarf-with-dsym";
				ENABLE_NS_ASSERTIONS = NO;
				ENABLE_STRICT_OBJC_MSGSEND = YES;
				GCC_C_LANGUAGE_STANDARD = gnu11;
				GCC_NO_COMMON_BLOCKS = YES;
				GCC_WARN_64_TO_32_BIT_CONVERSION = YES;
				GCC_WARN_ABOUT_RETURN_TYPE = YES_ERROR;
				GCC_WARN_UNDECLARED_SELECTOR = YES;
				GCC_WARN_UNINITIALIZED_AUTOS = YES_AGGRESSIVE;
				GCC_WARN_UNUSED_FUNCTION = YES;
				GCC_WARN_UNUSED_VARIABLE = YES;
				MACOSX_DEPLOYMENT_TARGET = 10.15;
				MTL_ENABLE_DEBUG_INFO = NO;
				MTL_FAST_MATH = YES;
				SDKROOT = macosx;
			};
			name = Release;
		};
		4F5D96692AA4DBD0004B386E /* Debug */ = {
			isa = XCBuildConfiguration;
			buildSettings = {
				CODE_SIGN_IDENTITY = "-";
				CODE_SIGN_STYLE = Automatic;
				DEVELOPMENT_TEAM = "";
				HEADER_SEARCH_PATHS = $SRCROOT/Source;
				PRODUCT_NAME = "$(TARGET_NAME)";
				PROVISIONING_PROFILE_SPECIFIER = "";
			};
			name = Debug;
		};
		4F5D966A2AA4DBD0004B386E /* Release */ = {
			isa = XCBuildConfiguration;
			buildSettings = {
				CODE_SIGN_IDENTITY = "-";
				CODE_SIGN_STYLE = Automatic;
				DEVELOPMENT_TEAM = "";
				HEADER_SEARCH_PATHS = $SRCROOT/Source;
				PRODUCT_NAME = "$(TARGET_NAME)";
				PROVISIONING_PROFILE_SPECIFIER = "";
			};
			name = Release;
		};
/* End XCBuildConfiguration section */

/* Begin XCConfigurationList section */
		4F5D965C2AA4DBD0004B386E /* Build configuration list for PBXProject "TSD3060" */ = {
			isa = XCConfigurationList;
			buildConfigurations = (
				4F5D96662AA4DBD0004B386E /* Debug */,
				4F5D96672AA4DBD0004B386E /* Release */,
			);
			defaultConfigurationIsVisible = 0;
			defaultConfigurationName = Release;
		};
		4F5D96682AA4DBD0004B386E /* Build configuration list for PBXNativeTarget "TSD3060" */ = {
			isa = XCConfigurationList;
			buildConfigurations = (
				4F5D96692AA4DBD0004B386E /* Debug */,
				4F5D966A2AA4DBD0004B386E /* Release */,
			);
			defaultConfigurationIsVisible = 0;
			defaultConfigurationName = Release;
		};
/* End XCConfigurationList section */
	};
	rootObject = 4F5D96592AA4DBD0004B386E /* Project object */;
}
